
Microsoft Visual Studio Solution File, Format Version 12.00
# Visual Studio Version 16
VisualStudioVersion = 16.0.29215.179
MinimumVisualStudioVersion = 10.0.40219.1
Project("{FAE04EC0-301F-11D3-BF4B-00C04F79EFBC}") = "mswanson1730ex1b", "mswanson1730ex1b\mswanson1730ex1b.csproj", "{2BDBF640-3CD2-44A2-913B-75E06DEFAE05}"
EndProject
Project("{FAE04EC0-301F-11D3-BF4B-00C04F79EFBC}") = "mswanson1c1", "mswanson1c1\mswanson1c1.csproj", "{5F59F624-5806-4A5A-AC87-99DB43F8A69A}"
EndProject
Global
	GlobalSection(SolutionConfigurationPlatforms) = preSolution
		Debug|Any CPU = Debug|Any CPU
		Release|Any CPU = Release|Any CPU
	EndGlobalSection
	GlobalSection(ProjectConfigurationPlatforms) = postSolution
		{2BDBF640-3CD2-44A2-913B-75E06DEFAE05}.Debug|Any CPU.ActiveCfg = Debug|Any CPU
		{2BDBF640-3CD2-44A2-913B-75E06DEFAE05}.Debug|Any CPU.Build.0 = Debug|Any CPU
		{2BDBF640-3CD2-44A2-913B-75E06DEFAE05}.Release|Any CPU.ActiveCfg = Release|Any CPU
		{2BDBF640-3CD2-44A2-913B-75E06DEFAE05}.Release|Any CPU.Build.0 = Release|Any CPU
		{5F59F624-5806-4A5A-AC87-99DB43F8A69A}.Debug|Any CPU.ActiveCfg = Debug|Any CPU
		{5F59F624-5806-4A5A-AC87-99DB43F8A69A}.Debug|Any CPU.Build.0 = Debug|Any CPU
		{5F59F624-5806-4A5A-AC87-99DB43F8A69A}.Release|Any CPU.ActiveCfg = Release|Any CPU
		{5F59F624-5806-4A5A-AC87-99DB43F8A69A}.Release|Any CPU.Build.0 = Release|Any CPU
	EndGlobalSection
	GlobalSection(SolutionProperties) = preSolution
		HideSolutionNode = FALSE
	EndGlobalSection
	GlobalSection(ExtensibilityGlobals) = postSolution
		SolutionGuid = {FE27225D-DACF-4C27-A72B-2AC02F6CF15F}
	EndGlobalSection
EndGlobal
